
Microsoft Visual Studio Solution File, Format Version 12.00
# Visual Studio Version 16
VisualStudioVersion = 16.0.29021.104
MinimumVisualStudioVersion = 10.0.40219.1
Project("{FAE04EC0-301F-11D3-BF4B-00C04F79EFBC}") = "Globomantics", "Globomantics\Globomantics.csproj", "{74D406A8-7DB6-434D-93BC-297D6B89EC57}"
EndProject
Global
	GlobalSection(SolutionConfigurationPlatforms) = preSolution
		Debug|Any CPU = Debug|Any CPU
		Release|Any CPU = Release|Any CPU
	EndGlobalSection
	GlobalSection(ProjectConfigurationPlatforms) = postSolution
		{74D406A8-7DB6-434D-93BC-297D6B89EC57}.Debug|Any CPU.ActiveCfg = Debug|Any CPU
		{74D406A8-7DB6-434D-93BC-297D6B89EC57}.Debug|Any CPU.Build.0 = Debug|Any CPU
		{74D406A8-7DB6-434D-93BC-297D6B89EC57}.Release|Any CPU.ActiveCfg = Release|Any CPU
		{74D406A8-7DB6-434D-93BC-297D6B89EC57}.Release|Any CPU.Build.0 = Release|Any CPU
	EndGlobalSection
	GlobalSection(SolutionProperties) = preSolution
		HideSolutionNode = FALSE
	EndGlobalSection
	GlobalSection(ExtensibilityGlobals) = postSolution
		SolutionGuid = {1AED2706-6BB6-4CFC-8579-4061844DBEB4}
	EndGlobalSection
EndGlobal
