
Microsoft Visual Studio Solution File, Format Version 12.00
# Visual Studio Version 16
VisualStudioVersion = 16.0.29025.244
MinimumVisualStudioVersion = 10.0.40219.1
Project("{FAE04EC0-301F-11D3-BF4B-00C04F79EFBC}") = "GlobomanticsRazorPages", "GlobomanticsRazorPages\GlobomanticsRazorPages.csproj", "{10B61625-AFF7-4312-86D2-332B85820EE0}"
EndProject
Global
	GlobalSection(SolutionConfigurationPlatforms) = preSolution
		Debug|Any CPU = Debug|Any CPU
		Release|Any CPU = Release|Any CPU
	EndGlobalSection
	GlobalSection(ProjectConfigurationPlatforms) = postSolution
		{10B61625-AFF7-4312-86D2-332B85820EE0}.Debug|Any CPU.ActiveCfg = Debug|Any CPU
		{10B61625-AFF7-4312-86D2-332B85820EE0}.Debug|Any CPU.Build.0 = Debug|Any CPU
		{10B61625-AFF7-4312-86D2-332B85820EE0}.Release|Any CPU.ActiveCfg = Release|Any CPU
		{10B61625-AFF7-4312-86D2-332B85820EE0}.Release|Any CPU.Build.0 = Release|Any CPU
	EndGlobalSection
	GlobalSection(SolutionProperties) = preSolution
		HideSolutionNode = FALSE
	EndGlobalSection
	GlobalSection(ExtensibilityGlobals) = postSolution
		SolutionGuid = {BF3D9476-B0A6-4B14-8DBD-7A01C8CB55FF}
	EndGlobalSection
EndGlobal
